// !$*UTF8*$!
{
	archiveVersion = 1;
	classes = {
	};
	objectVersion = 77;
	objects = {

/* Begin PBXBuildFile section */
		E7B986B92DA5652800BE6CE0 /* Preview Assets.xcassets in Resources */ = {isa = PBXBuildFile; fileRef = E7B986AE2DA5652800BE6CE0 /* Preview Assets.xcassets */; };
		E7B986BA2DA5652800BE6CE0 /* Assets.xcassets in Resources */ = {isa = PBXBuildFile; fileRef = E7B986B02DA5652800BE6CE0 /* Assets.xcassets */; };
		E7B986BB2DA5652800BE6CE0 /* ConfirmationView.swift in Sources */ = {isa = PBXBuildFile; fileRef = E7B986B12DA5652800BE6CE0 /* ConfirmationView.swift */; };
		E7B986BC2DA5652800BE6CE0 /* ContentView.swift in Sources */ = {isa = PBXBuildFile; fileRef = E7B986B22DA5652800BE6CE0 /* ContentView.swift */; };
		E7B986BE2DA5652800BE6CE0 /* LoginView.swift in Sources */ = {isa = PBXBuildFile; fileRef = E7B986B42DA5652800BE6CE0 /* LoginView.swift */; };
		E7B986BF2DA5652800BE6CE0 /* PondApp.swift in Sources */ = {isa = PBXBuildFile; fileRef = E7B986B52DA5652800BE6CE0 /* PondApp.swift */; };
		E7B986C02DA5652800BE6CE0 /* QuizView.swift in Sources */ = {isa = PBXBuildFile; fileRef = E7B986B62DA5652800BE6CE0 /* QuizView.swift */; };
		E7B986C12DA5652800BE6CE0 /* RoleView.swift in Sources */ = {isa = PBXBuildFile; fileRef = E7B986B72DA5652800BE6CE0 /* RoleView.swift */; };
		E7B986C42DA5654600BE6CE0 /* UserView.swift in Sources */ = {isa = PBXBuildFile; fileRef = E7B986C32DA5654600BE6CE0 /* UserView.swift */; };
		E7B986C62DA5698E00BE6CE0 /* BadgeView.swift in Sources */ = {isa = PBXBuildFile; fileRef = E7B986C52DA5698E00BE6CE0 /* BadgeView.swift */; };
		E7B986C82DA56A1700BE6CE0 /* DashboardView.swift in Sources */ = {isa = PBXBuildFile; fileRef = E7B986C72DA56A1700BE6CE0 /* DashboardView.swift */; };
		F9EBD42B2DA465B0008059CA /* Playbook in Frameworks */ = {isa = PBXBuildFile; productRef = F9EBD42A2DA465B0008059CA /* Playbook */; };
/* End PBXBuildFile section */

/* Begin PBXFileReference section */
		E7B986AE2DA5652800BE6CE0 /* Preview Assets.xcassets */ = {isa = PBXFileReference; lastKnownFileType = folder.assetcatalog; path = "Preview Assets.xcassets"; sourceTree = "<group>"; };
		E7B986B02DA5652800BE6CE0 /* Assets.xcassets */ = {isa = PBXFileReference; lastKnownFileType = folder.assetcatalog; path = Assets.xcassets; sourceTree = "<group>"; };
		E7B986B12DA5652800BE6CE0 /* ConfirmationView.swift */ = {isa = PBXFileReference; lastKnownFileType = sourcecode.swift; path = ConfirmationView.swift; sourceTree = "<group>"; };
		E7B986B22DA5652800BE6CE0 /* ContentView.swift */ = {isa = PBXFileReference; lastKnownFileType = sourcecode.swift; path = ContentView.swift; sourceTree = "<group>"; };
		E7B986B42DA5652800BE6CE0 /* LoginView.swift */ = {isa = PBXFileReference; lastKnownFileType = sourcecode.swift; path = LoginView.swift; sourceTree = "<group>"; };
		E7B986B52DA5652800BE6CE0 /* PondApp.swift */ = {isa = PBXFileReference; lastKnownFileType = sourcecode.swift; path = PondApp.swift; sourceTree = "<group>"; };
		E7B986B62DA5652800BE6CE0 /* QuizView.swift */ = {isa = PBXFileReference; lastKnownFileType = sourcecode.swift; path = QuizView.swift; sourceTree = "<group>"; };
		E7B986B72DA5652800BE6CE0 /* RoleView.swift */ = {isa = PBXFileReference; lastKnownFileType = sourcecode.swift; path = RoleView.swift; sourceTree = "<group>"; };
		E7B986C32DA5654600BE6CE0 /* UserView.swift */ = {isa = PBXFileReference; lastKnownFileType = sourcecode.swift; path = UserView.swift; sourceTree = "<group>"; };
		E7B986C52DA5698E00BE6CE0 /* BadgeView.swift */ = {isa = PBXFileReference; lastKnownFileType = sourcecode.swift; path = BadgeView.swift; sourceTree = "<group>"; };
		E7B986C72DA56A1700BE6CE0 /* DashboardView.swift */ = {isa = PBXFileReference; lastKnownFileType = sourcecode.swift; path = DashboardView.swift; sourceTree = "<group>"; };
		F9EBD4072DA45FB8008059CA /* Pond.app */ = {isa = PBXFileReference; explicitFileType = wrapper.application; includeInIndex = 0; path = Pond.app; sourceTree = BUILT_PRODUCTS_DIR; };
/* End PBXFileReference section */

/* Begin PBXFrameworksBuildPhase section */
		F9EBD4042DA45FB8008059CA /* Frameworks */ = {
			isa = PBXFrameworksBuildPhase;
			buildActionMask = 2147483647;
			files = (
				F9EBD42B2DA465B0008059CA /* Playbook in Frameworks */,
			);
			runOnlyForDeploymentPostprocessing = 0;
		};
/* End PBXFrameworksBuildPhase section */

/* Begin PBXGroup section */
		E7B986AF2DA5652800BE6CE0 /* Preview Content */ = {
			isa = PBXGroup;
			children = (
				E7B986AE2DA5652800BE6CE0 /* Preview Assets.xcassets */,
			);
			path = "Preview Content";
			sourceTree = "<group>";
		};
		E7B986B82DA5652800BE6CE0 /* Pond */ = {
			isa = PBXGroup;
			children = (
				E7B986AF2DA5652800BE6CE0 /* Preview Content */,
				E7B986B02DA5652800BE6CE0 /* Assets.xcassets */,
				E7B986B12DA5652800BE6CE0 /* ConfirmationView.swift */,
				E7B986B22DA5652800BE6CE0 /* ContentView.swift */,
				E7B986B42DA5652800BE6CE0 /* LoginView.swift */,
				E7B986B52DA5652800BE6CE0 /* PondApp.swift */,
				E7B986B62DA5652800BE6CE0 /* QuizView.swift */,
				E7B986B72DA5652800BE6CE0 /* RoleView.swift */,
				E7B986C22DA5652B00BE6CE0 /* Dashboard View */,
			);
			path = Pond;
			sourceTree = "<group>";
		};
		E7B986C22DA5652B00BE6CE0 /* Dashboard View */ = {
			isa = PBXGroup;
			children = (
				E7B986C72DA56A1700BE6CE0 /* DashboardView.swift */,
				E7B986C32DA5654600BE6CE0 /* UserView.swift */,
				E7B986C52DA5698E00BE6CE0 /* BadgeView.swift */,
			);
			path = "Dashboard View";
			sourceTree = "<group>";
		};
		F9EBD3FE2DA45FB8008059CA = {
			isa = PBXGroup;
			children = (
				E7B986B82DA5652800BE6CE0 /* Pond */,
				F9EBD4082DA45FB8008059CA /* Products */,
			);
			sourceTree = "<group>";
		};
		F9EBD4082DA45FB8008059CA /* Products */ = {
			isa = PBXGroup;
			children = (
				F9EBD4072DA45FB8008059CA /* Pond.app */,
			);
			name = Products;
			sourceTree = "<group>";
		};
/* End PBXGroup section */

/* Begin PBXNativeTarget section */
		F9EBD4062DA45FB8008059CA /* Pond */ = {
			isa = PBXNativeTarget;
			buildConfigurationList = F9EBD4152DA45FBA008059CA /* Build configuration list for PBXNativeTarget "Pond" */;
			buildPhases = (
				F9EBD4032DA45FB8008059CA /* Sources */,
				F9EBD4042DA45FB8008059CA /* Frameworks */,
				F9EBD4052DA45FB8008059CA /* Resources */,
			);
			buildRules = (
			);
			dependencies = (
			);
			name = Pond;
			packageProductDependencies = (
				F9EBD42A2DA465B0008059CA /* Playbook */,
			);
			productName = Pond;
			productReference = F9EBD4072DA45FB8008059CA /* Pond.app */;
			productType = "com.apple.product-type.application";
		};
/* End PBXNativeTarget section */

/* Begin PBXProject section */
		F9EBD3FF2DA45FB8008059CA /* Project object */ = {
			isa = PBXProject;
			attributes = {
				BuildIndependentTargetsInParallel = 1;
				LastSwiftUpdateCheck = 1610;
				LastUpgradeCheck = 1610;
				TargetAttributes = {
					F9EBD4062DA45FB8008059CA = {
						CreatedOnToolsVersion = 16.1;
					};
				};
			};
			buildConfigurationList = F9EBD4022DA45FB8008059CA /* Build configuration list for PBXProject "Pond" */;
			developmentRegion = en;
			hasScannedForEncodings = 0;
			knownRegions = (
				en,
				Base,
			);
			mainGroup = F9EBD3FE2DA45FB8008059CA;
			minimizedProjectReferenceProxies = 1;
			packageReferences = (
				F9EBD4292DA465B0008059CA /* XCRemoteSwiftPackageReference "playbook-swift" */,
			);
			preferredProjectObjectVersion = 77;
			productRefGroup = F9EBD4082DA45FB8008059CA /* Products */;
			projectDirPath = "";
			projectRoot = "";
			targets = (
				F9EBD4062DA45FB8008059CA /* Pond */,
			);
		};
/* End PBXProject section */

/* Begin PBXResourcesBuildPhase section */
		F9EBD4052DA45FB8008059CA /* Resources */ = {
			isa = PBXResourcesBuildPhase;
			buildActionMask = 2147483647;
			files = (
				E7B986B92DA5652800BE6CE0 /* Preview Assets.xcassets in Resources */,
				E7B986BA2DA5652800BE6CE0 /* Assets.xcassets in Resources */,
			);
			runOnlyForDeploymentPostprocessing = 0;
		};
/* End PBXResourcesBuildPhase section */

/* Begin PBXSourcesBuildPhase section */
		F9EBD4032DA45FB8008059CA /* Sources */ = {
			isa = PBXSourcesBuildPhase;
			buildActionMask = 2147483647;
			files = (
				E7B986BB2DA5652800BE6CE0 /* ConfirmationView.swift in Sources */,
				E7B986BC2DA5652800BE6CE0 /* ContentView.swift in Sources */,
				E7B986C42DA5654600BE6CE0 /* UserView.swift in Sources */,
				E7B986BE2DA5652800BE6CE0 /* LoginView.swift in Sources */,
				E7B986C82DA56A1700BE6CE0 /* DashboardView.swift in Sources */,
				E7B986BF2DA5652800BE6CE0 /* PondApp.swift in Sources */,
				E7B986C62DA5698E00BE6CE0 /* BadgeView.swift in Sources */,
				E7B986C02DA5652800BE6CE0 /* QuizView.swift in Sources */,
				E7B986C12DA5652800BE6CE0 /* RoleView.swift in Sources */,
			);
			runOnlyForDeploymentPostprocessing = 0;
		};
/* End PBXSourcesBuildPhase section */

/* Begin XCBuildConfiguration section */
		F9EBD4132DA45FBA008059CA /* Debug */ = {
			isa = XCBuildConfiguration;
			buildSettings = {
				ALWAYS_SEARCH_USER_PATHS = NO;
				ASSETCATALOG_COMPILER_GENERATE_SWIFT_ASSET_SYMBOL_EXTENSIONS = YES;
				CLANG_ANALYZER_NONNULL = YES;
				CLANG_ANALYZER_NUMBER_OBJECT_CONVERSION = YES_AGGRESSIVE;
				CLANG_CXX_LANGUAGE_STANDARD = "gnu++20";
				CLANG_ENABLE_MODULES = YES;
				CLANG_ENABLE_OBJC_ARC = YES;
				CLANG_ENABLE_OBJC_WEAK = YES;
				CLANG_WARN_BLOCK_CAPTURE_AUTORELEASING = YES;
				CLANG_WARN_BOOL_CONVERSION = YES;
				CLANG_WARN_COMMA = YES;
				CLANG_WARN_CONSTANT_CONVERSION = YES;
				CLANG_WARN_DEPRECATED_OBJC_IMPLEMENTATIONS = YES;
				CLANG_WARN_DIRECT_OBJC_ISA_USAGE = YES_ERROR;
				CLANG_WARN_DOCUMENTATION_COMMENTS = YES;
				CLANG_WARN_EMPTY_BODY = YES;
				CLANG_WARN_ENUM_CONVERSION = YES;
				CLANG_WARN_INFINITE_RECURSION = YES;
				CLANG_WARN_INT_CONVERSION = YES;
				CLANG_WARN_NON_LITERAL_NULL_CONVERSION = YES;
				CLANG_WARN_OBJC_IMPLICIT_RETAIN_SELF = YES;
				CLANG_WARN_OBJC_LITERAL_CONVERSION = YES;
				CLANG_WARN_OBJC_ROOT_CLASS = YES_ERROR;
				CLANG_WARN_QUOTED_INCLUDE_IN_FRAMEWORK_HEADER = YES;
				CLANG_WARN_RANGE_LOOP_ANALYSIS = YES;
				CLANG_WARN_STRICT_PROTOTYPES = YES;
				CLANG_WARN_SUSPICIOUS_MOVE = YES;
				CLANG_WARN_UNGUARDED_AVAILABILITY = YES_AGGRESSIVE;
				CLANG_WARN_UNREACHABLE_CODE = YES;
				CLANG_WARN__DUPLICATE_METHOD_MATCH = YES;
				COPY_PHASE_STRIP = NO;
				DEBUG_INFORMATION_FORMAT = dwarf;
				ENABLE_STRICT_OBJC_MSGSEND = YES;
				ENABLE_TESTABILITY = YES;
				ENABLE_USER_SCRIPT_SANDBOXING = YES;
				GCC_C_LANGUAGE_STANDARD = gnu17;
				GCC_DYNAMIC_NO_PIC = NO;
				GCC_NO_COMMON_BLOCKS = YES;
				GCC_OPTIMIZATION_LEVEL = 0;
				GCC_PREPROCESSOR_DEFINITIONS = (
					"DEBUG=1",
					"$(inherited)",
				);
				GCC_WARN_64_TO_32_BIT_CONVERSION = YES;
				GCC_WARN_ABOUT_RETURN_TYPE = YES_ERROR;
				GCC_WARN_UNDECLARED_SELECTOR = YES;
				GCC_WARN_UNINITIALIZED_AUTOS = YES_AGGRESSIVE;
				GCC_WARN_UNUSED_FUNCTION = YES;
				GCC_WARN_UNUSED_VARIABLE = YES;
				IPHONEOS_DEPLOYMENT_TARGET = 18.1;
				LOCALIZATION_PREFERS_STRING_CATALOGS = YES;
				MTL_ENABLE_DEBUG_INFO = INCLUDE_SOURCE;
				MTL_FAST_MATH = YES;
				ONLY_ACTIVE_ARCH = YES;
				SDKROOT = iphoneos;
				SWIFT_ACTIVE_COMPILATION_CONDITIONS = "DEBUG $(inherited)";
				SWIFT_OPTIMIZATION_LEVEL = "-Onone";
			};
			name = Debug;
		};
		F9EBD4142DA45FBA008059CA /* Release */ = {
			isa = XCBuildConfiguration;
			buildSettings = {
				ALWAYS_SEARCH_USER_PATHS = NO;
				ASSETCATALOG_COMPILER_GENERATE_SWIFT_ASSET_SYMBOL_EXTENSIONS = YES;
				CLANG_ANALYZER_NONNULL = YES;
				CLANG_ANALYZER_NUMBER_OBJECT_CONVERSION = YES_AGGRESSIVE;
				CLANG_CXX_LANGUAGE_STANDARD = "gnu++20";
				CLANG_ENABLE_MODULES = YES;
				CLANG_ENABLE_OBJC_ARC = YES;
				CLANG_ENABLE_OBJC_WEAK = YES;
				CLANG_WARN_BLOCK_CAPTURE_AUTORELEASING = YES;
				CLANG_WARN_BOOL_CONVERSION = YES;
				CLANG_WARN_COMMA = YES;
				CLANG_WARN_CONSTANT_CONVERSION = YES;
				CLANG_WARN_DEPRECATED_OBJC_IMPLEMENTATIONS = YES;
				CLANG_WARN_DIRECT_OBJC_ISA_USAGE = YES_ERROR;
				CLANG_WARN_DOCUMENTATION_COMMENTS = YES;
				CLANG_WARN_EMPTY_BODY = YES;
				CLANG_WARN_ENUM_CONVERSION = YES;
				CLANG_WARN_INFINITE_RECURSION = YES;
				CLANG_WARN_INT_CONVERSION = YES;
				CLANG_WARN_NON_LITERAL_NULL_CONVERSION = YES;
				CLANG_WARN_OBJC_IMPLICIT_RETAIN_SELF = YES;
				CLANG_WARN_OBJC_LITERAL_CONVERSION = YES;
				CLANG_WARN_OBJC_ROOT_CLASS = YES_ERROR;
				CLANG_WARN_QUOTED_INCLUDE_IN_FRAMEWORK_HEADER = YES;
				CLANG_WARN_RANGE_LOOP_ANALYSIS = YES;
				CLANG_WARN_STRICT_PROTOTYPES = YES;
				CLANG_WARN_SUSPICIOUS_MOVE = YES;
				CLANG_WARN_UNGUARDED_AVAILABILITY = YES_AGGRESSIVE;
				CLANG_WARN_UNREACHABLE_CODE = YES;
				CLANG_WARN__DUPLICATE_METHOD_MATCH = YES;
				COPY_PHASE_STRIP = NO;
				DEBUG_INFORMATION_FORMAT = "dwarf-with-dsym";
				ENABLE_NS_ASSERTIONS = NO;
				ENABLE_STRICT_OBJC_MSGSEND = YES;
				ENABLE_USER_SCRIPT_SANDBOXING = YES;
				GCC_C_LANGUAGE_STANDARD = gnu17;
				GCC_NO_COMMON_BLOCKS = YES;
				GCC_WARN_64_TO_32_BIT_CONVERSION = YES;
				GCC_WARN_ABOUT_RETURN_TYPE = YES_ERROR;
				GCC_WARN_UNDECLARED_SELECTOR = YES;
				GCC_WARN_UNINITIALIZED_AUTOS = YES_AGGRESSIVE;
				GCC_WARN_UNUSED_FUNCTION = YES;
				GCC_WARN_UNUSED_VARIABLE = YES;
				IPHONEOS_DEPLOYMENT_TARGET = 18.1;
				LOCALIZATION_PREFERS_STRING_CATALOGS = YES;
				MTL_ENABLE_DEBUG_INFO = NO;
				MTL_FAST_MATH = YES;
				SDKROOT = iphoneos;
				SWIFT_COMPILATION_MODE = wholemodule;
				VALIDATE_PRODUCT = YES;
			};
			name = Release;
		};
		F9EBD4162DA45FBA008059CA /* Debug */ = {
			isa = XCBuildConfiguration;
			buildSettings = {
				ASSETCATALOG_COMPILER_APPICON_NAME = AppIcon;
				ASSETCATALOG_COMPILER_GLOBAL_ACCENT_COLOR_NAME = AccentColor;
				CODE_SIGN_STYLE = Automatic;
				CURRENT_PROJECT_VERSION = 1;
				DEVELOPMENT_ASSET_PATHS = "\"Pond/Preview Content\"";
				DEVELOPMENT_TEAM = EG5Q7XM634;
				ENABLE_PREVIEWS = YES;
				GENERATE_INFOPLIST_FILE = YES;
				INFOPLIST_KEY_UIApplicationSceneManifest_Generation = YES;
				INFOPLIST_KEY_UIApplicationSupportsIndirectInputEvents = YES;
				INFOPLIST_KEY_UILaunchScreen_Generation = YES;
				INFOPLIST_KEY_UISupportedInterfaceOrientations_iPad = "UIInterfaceOrientationPortrait UIInterfaceOrientationPortraitUpsideDown UIInterfaceOrientationLandscapeLeft UIInterfaceOrientationLandscapeRight";
				INFOPLIST_KEY_UISupportedInterfaceOrientations_iPhone = "UIInterfaceOrientationPortrait UIInterfaceOrientationLandscapeLeft UIInterfaceOrientationLandscapeRight";
				LD_RUNPATH_SEARCH_PATHS = (
					"$(inherited)",
					"@executable_path/Frameworks",
				);
				MARKETING_VERSION = 1.0;
				PRODUCT_BUNDLE_IDENTIFIER = com.powerhrg.Pond;
				PRODUCT_NAME = "$(TARGET_NAME)";
				SWIFT_EMIT_LOC_STRINGS = YES;
				SWIFT_VERSION = 5.0;
				TARGETED_DEVICE_FAMILY = "1,2";
			};
			name = Debug;
		};
		F9EBD4172DA45FBA008059CA /* Release */ = {
			isa = XCBuildConfiguration;
			buildSettings = {
				ASSETCATALOG_COMPILER_APPICON_NAME = AppIcon;
				ASSETCATALOG_COMPILER_GLOBAL_ACCENT_COLOR_NAME = AccentColor;
				CODE_SIGN_STYLE = Automatic;
				CURRENT_PROJECT_VERSION = 1;
				DEVELOPMENT_ASSET_PATHS = "\"Pond/Preview Content\"";
				DEVELOPMENT_TEAM = EG5Q7XM634;
				ENABLE_PREVIEWS = YES;
				GENERATE_INFOPLIST_FILE = YES;
				INFOPLIST_KEY_UIApplicationSceneManifest_Generation = YES;
				INFOPLIST_KEY_UIApplicationSupportsIndirectInputEvents = YES;
				INFOPLIST_KEY_UILaunchScreen_Generation = YES;
				INFOPLIST_KEY_UISupportedInterfaceOrientations_iPad = "UIInterfaceOrientationPortrait UIInterfaceOrientationPortraitUpsideDown UIInterfaceOrientationLandscapeLeft UIInterfaceOrientationLandscapeRight";
				INFOPLIST_KEY_UISupportedInterfaceOrientations_iPhone = "UIInterfaceOrientationPortrait UIInterfaceOrientationLandscapeLeft UIInterfaceOrientationLandscapeRight";
				LD_RUNPATH_SEARCH_PATHS = (
					"$(inherited)",
					"@executable_path/Frameworks",
				);
				MARKETING_VERSION = 1.0;
				PRODUCT_BUNDLE_IDENTIFIER = com.powerhrg.Pond;
				PRODUCT_NAME = "$(TARGET_NAME)";
				SWIFT_EMIT_LOC_STRINGS = YES;
				SWIFT_VERSION = 5.0;
				TARGETED_DEVICE_FAMILY = "1,2";
			};
			name = Release;
		};
/* End XCBuildConfiguration section */

/* Begin XCConfigurationList section */
		F9EBD4022DA45FB8008059CA /* Build configuration list for PBXProject "Pond" */ = {
			isa = XCConfigurationList;
			buildConfigurations = (
				F9EBD4132DA45FBA008059CA /* Debug */,
				F9EBD4142DA45FBA008059CA /* Release */,
			);
			defaultConfigurationIsVisible = 0;
			defaultConfigurationName = Release;
		};
		F9EBD4152DA45FBA008059CA /* Build configuration list for PBXNativeTarget "Pond" */ = {
			isa = XCConfigurationList;
			buildConfigurations = (
				F9EBD4162DA45FBA008059CA /* Debug */,
				F9EBD4172DA45FBA008059CA /* Release */,
			);
			defaultConfigurationIsVisible = 0;
			defaultConfigurationName = Release;
		};
/* End XCConfigurationList section */

/* Begin XCRemoteSwiftPackageReference section */
		F9EBD4292DA465B0008059CA /* XCRemoteSwiftPackageReference "playbook-swift" */ = {
			isa = XCRemoteSwiftPackageReference;
			repositoryURL = "https://github.com/powerhome/playbook-swift";
			requirement = {
				kind = upToNextMajorVersion;
				minimumVersion = 6.9.0;
			};
		};
/* End XCRemoteSwiftPackageReference section */

/* Begin XCSwiftPackageProductDependency section */
		F9EBD42A2DA465B0008059CA /* Playbook */ = {
			isa = XCSwiftPackageProductDependency;
			package = F9EBD4292DA465B0008059CA /* XCRemoteSwiftPackageReference "playbook-swift" */;
			productName = Playbook;
		};
/* End XCSwiftPackageProductDependency section */
	};
	rootObject = F9EBD3FF2DA45FB8008059CA /* Project object */;
}
